
Microsoft Visual Studio Solution File, Format Version 12.00
# Visual Studio 15
VisualStudioVersion = 15.0.28010.2046
MinimumVisualStudioVersion = 10.0.40219.1
Project("{F184B08F-C81C-45F6-A57F-5ABD9991F28F}") = "DropTheBass", "DropTheBass\DropTheBass.vbproj", "{49F777CB-38C6-49FF-A7AF-31124B8B7212}"
EndProject
Project("{54435603-DBB4-11D2-8724-00A0C9A8B90C}") = "DropTheBass_Setup", "DropTheBass_Setup\DropTheBass_Setup.vdproj", "{BDA496A2-B78B-4A34-A49E-8357F0346F31}"
EndProject
Global
	GlobalSection(SolutionConfigurationPlatforms) = preSolution
		Debug|Any CPU = Debug|Any CPU
		Release|Any CPU = Release|Any CPU
	EndGlobalSection
	GlobalSection(ProjectConfigurationPlatforms) = postSolution
		{49F777CB-38C6-49FF-A7AF-31124B8B7212}.Debug|Any CPU.ActiveCfg = Debug|Any CPU
		{49F777CB-38C6-49FF-A7AF-31124B8B7212}.Debug|Any CPU.Build.0 = Debug|Any CPU
		{49F777CB-38C6-49FF-A7AF-31124B8B7212}.Release|Any CPU.ActiveCfg = Release|Any CPU
		{49F777CB-38C6-49FF-A7AF-31124B8B7212}.Release|Any CPU.Build.0 = Release|Any CPU
		{BDA496A2-B78B-4A34-A49E-8357F0346F31}.Debug|Any CPU.ActiveCfg = Debug
		{BDA496A2-B78B-4A34-A49E-8357F0346F31}.Debug|Any CPU.Build.0 = Debug
		{BDA496A2-B78B-4A34-A49E-8357F0346F31}.Release|Any CPU.ActiveCfg = Release
		{BDA496A2-B78B-4A34-A49E-8357F0346F31}.Release|Any CPU.Build.0 = Release
	EndGlobalSection
	GlobalSection(SolutionProperties) = preSolution
		HideSolutionNode = FALSE
	EndGlobalSection
	GlobalSection(ExtensibilityGlobals) = postSolution
		SolutionGuid = {7875D475-7A40-45B1-9A62-37A956CABC00}
	EndGlobalSection
EndGlobal
